
Microsoft Visual Studio Solution File, Format Version 12.00
# Visual Studio Version 16
VisualStudioVersion = 16.0.31729.503
MinimumVisualStudioVersion = 10.0.40219.1
Project("{FAE04EC0-301F-11D3-BF4B-00C04F79EFBC}") = "Kafedraİclasi", "Kafedraİclasi\Kafedraİclasi.csproj", "{2A209F6E-004D-44BF-983B-0602E7E1F02C}"
EndProject
Global
	GlobalSection(SolutionConfigurationPlatforms) = preSolution
		Debug|Any CPU = Debug|Any CPU
		Release|Any CPU = Release|Any CPU
	EndGlobalSection
	GlobalSection(ProjectConfigurationPlatforms) = postSolution
		{2A209F6E-004D-44BF-983B-0602E7E1F02C}.Debug|Any CPU.ActiveCfg = Debug|Any CPU
		{2A209F6E-004D-44BF-983B-0602E7E1F02C}.Debug|Any CPU.Build.0 = Debug|Any CPU
		{2A209F6E-004D-44BF-983B-0602E7E1F02C}.Release|Any CPU.ActiveCfg = Release|Any CPU
		{2A209F6E-004D-44BF-983B-0602E7E1F02C}.Release|Any CPU.Build.0 = Release|Any CPU
	EndGlobalSection
	GlobalSection(SolutionProperties) = preSolution
		HideSolutionNode = FALSE
	EndGlobalSection
	GlobalSection(ExtensibilityGlobals) = postSolution
		SolutionGuid = {6774FF9B-9726-450B-A0B1-C87B4D47024C}
	EndGlobalSection
EndGlobal
